PODS:
  - SDWebImage (5.14.2):
    - SDWebImage/Core (= 5.14.2)
  - SDWebImage/Core (5.14.2)
  - SDWebImageSwiftUI (2.2.1):
    - SDWebImage (~> 5.10)
  - shared (1.0)

DEPENDENCIES:
  - SDWebImageSwiftUI
  - shared (from `../shared`)

SPEC REPOS:
  trunk:
    - SDWebImage
    - SDWebImageSwiftUI

EXTERNAL SOURCES:
  shared:
    :path: "../shared"

SPEC CHECKSUMS:
  SDWebImage: b9a731e1d6307f44ca703b3976d18c24ca561e84
  SDWebImageSwiftUI: 2ecf5ab6f574526326b10ecb155e72a88059d0f0
  shared: 2d3b24a8fe27b7d9e65b8d075a9672fbc6a1aa10

PODFILE CHECKSUM: c51c5a796cecb56b41b6a7c2856ddd3f7bb8a40b

COCOAPODS: 1.11.3
